
Microsoft Visual Studio Solution File, Format Version 10.00
# Visual Studio 2008
Project("{54435603-DBB4-11D2-8724-00A0C9A8B90C}") = "WInDirStat1.1.2", "WInDirStat1.1.2\WInDirStat1.1.2.vdproj", "{E1EB2090-E052-4FEB-B5BC-BC8714024B45}"
EndProject
Global
	GlobalSection(SolutionConfigurationPlatforms) = preSolution
		Debug|Default = Debug|Default
		Release|Default = Release|Default
	EndGlobalSection
	GlobalSection(ProjectConfigurationPlatforms) = postSolution
		{E1EB2090-E052-4FEB-B5BC-BC8714024B45}.Debug|Default.ActiveCfg = Debug
		{E1EB2090-E052-4FEB-B5BC-BC8714024B45}.Debug|Default.Build.0 = Debug
		{E1EB2090-E052-4FEB-B5BC-BC8714024B45}.Release|Default.ActiveCfg = Release
		{E1EB2090-E052-4FEB-B5BC-BC8714024B45}.Release|Default.Build.0 = Release
	EndGlobalSection
	GlobalSection(SolutionProperties) = preSolution
		HideSolutionNode = FALSE
	EndGlobalSection
EndGlobal
